dependencies:
  up-paper: 'link:../up-paper'
devDependencies:
  '@types/node': 14.0.13
  rollup: 2.16.0
  typescript: 3.9.5
lockfileVersion: 5.1
packages:
  /@types/node/14.0.13:
    dev: true
    resolution:
      integrity: sha512-rouEWBImiRaSJsVA+ITTFM6ZxibuAlTuNOCyxVbwreu6k6+ujs7DfnU9o+PShFhET78pMBl3eH+AGSI5eOTkPA==
  /fsevents/2.1.3:
    dev: true
    engines:
      node: ^8.16.0 || ^10.6.0 || >=11.0.0
    optional: true
    os:
      - darwin
    resolution:
      integrity: sha512-Auw9a4AxqWpa9GUfj370BMPzzyncfBABW8Mab7BGWBYDj4Isgq+cDKtx0i6u9jcX9pQDnswsaaOTgTmA5pEjuQ==
  /rollup/2.16.0:
    dev: true
    engines:
      node: '>=10.0.0'
    hasBin: true
    optionalDependencies:
      fsevents: 2.1.3
    resolution:
      integrity: sha512-95NglykUQAhl+mTFZqVvGUWDoGHV4/XanOZBbR7LOwTKODde5yFNHfVDZEnERBMuQViDuYaxOlFW87i1GQMihA==
  /typescript/3.9.5:
    dev: true
    engines:
      node: '>=4.2.0'
    hasBin: true
    resolution:
      integrity: sha512-hSAifV3k+i6lEoCJ2k6R2Z/rp/H3+8sdmcn5NrS3/3kE7+RyZXm9aqvxWqjEXHAd8b0pShatpcdMTvEdvAJltQ==
specifiers:
  '@types/node': ^14.0.13
  rollup: ^2.16.0
  typescript: ^3.9.5
  up-paper: 'link:..\up-paper'
